
Microsoft Visual Studio Solution File, Format Version 12.00
# Visual Studio Version 17
VisualStudioVersion = 17.0.32014.148
MinimumVisualStudioVersion = 10.0.40219.1
Project("{FAE04EC0-301F-11D3-BF4B-00C04F79EFBC}") = "WorkingDataTable", "WorkingDataTable.csproj", "{CFD45463-A696-4039-A9C8-69C810EAF557}"
EndProject
Global
	GlobalSection(SolutionConfigurationPlatforms) = preSolution
		Debug|Any CPU = Debug|Any CPU
		Release|Any CPU = Release|Any CPU
	EndGlobalSection
	GlobalSection(ProjectConfigurationPlatforms) = postSolution
		{CFD45463-A696-4039-A9C8-69C810EAF557}.Debug|Any CPU.ActiveCfg = Debug|Any CPU
		{CFD45463-A696-4039-A9C8-69C810EAF557}.Debug|Any CPU.Build.0 = Debug|Any CPU
		{CFD45463-A696-4039-A9C8-69C810EAF557}.Release|Any CPU.ActiveCfg = Release|Any CPU
		{CFD45463-A696-4039-A9C8-69C810EAF557}.Release|Any CPU.Build.0 = Release|Any CPU
	EndGlobalSection
	GlobalSection(SolutionProperties) = preSolution
		HideSolutionNode = FALSE
	EndGlobalSection
	GlobalSection(ExtensibilityGlobals) = postSolution
		SolutionGuid = {6B26F6B6-F6D7-47BF-888C-AA4932B1DC7D}
	EndGlobalSection
EndGlobal
